
Microsoft Visual Studio Solution File, Format Version 12.00
# Visual Studio Version 17
VisualStudioVersion = 17.0.31903.59
MinimumVisualStudioVersion = 10.0.40219.1
Project("{2150E333-8FDC-42A3-9474-1A3956D46DE8}") = "src", "src", "{7787507E-23CB-46C1-A8FD-322F4C81519A}"
EndProject
Project("{FAE04EC0-301F-11D3-BF4B-00C04F79EFBC}") = "AuctionService", "src\AuctionService\AuctionService.csproj", "{2CD56CB9-BC1E-4592-91B7-335937EB579A}"
EndProject
Project("{FAE04EC0-301F-11D3-BF4B-00C04F79EFBC}") = "SearchService", "src\SearchService\SearchService.csproj", "{DBFCA89C-68C4-4CBE-B1CC-027DCD872C39}"
EndProject
Project("{FAE04EC0-301F-11D3-BF4B-00C04F79EFBC}") = "Contracts", "src\Contracts\Contracts.csproj", "{EEB59965-A790-44B6-A356-E43869F96EAD}"
EndProject
Global
	GlobalSection(SolutionConfigurationPlatforms) = preSolution
		Debug|Any CPU = Debug|Any CPU
		Release|Any CPU = Release|Any CPU
	EndGlobalSection
	GlobalSection(SolutionProperties) = preSolution
		HideSolutionNode = FALSE
	EndGlobalSection
	GlobalSection(ProjectConfigurationPlatforms) = postSolution
		{2CD56CB9-BC1E-4592-91B7-335937EB579A}.Debug|Any CPU.ActiveCfg = Debug|Any CPU
		{2CD56CB9-BC1E-4592-91B7-335937EB579A}.Debug|Any CPU.Build.0 = Debug|Any CPU
		{2CD56CB9-BC1E-4592-91B7-335937EB579A}.Release|Any CPU.ActiveCfg = Release|Any CPU
		{2CD56CB9-BC1E-4592-91B7-335937EB579A}.Release|Any CPU.Build.0 = Release|Any CPU
		{DBFCA89C-68C4-4CBE-B1CC-027DCD872C39}.Debug|Any CPU.ActiveCfg = Debug|Any CPU
		{DBFCA89C-68C4-4CBE-B1CC-027DCD872C39}.Debug|Any CPU.Build.0 = Debug|Any CPU
		{DBFCA89C-68C4-4CBE-B1CC-027DCD872C39}.Release|Any CPU.ActiveCfg = Release|Any CPU
		{DBFCA89C-68C4-4CBE-B1CC-027DCD872C39}.Release|Any CPU.Build.0 = Release|Any CPU
		{EEB59965-A790-44B6-A356-E43869F96EAD}.Debug|Any CPU.ActiveCfg = Debug|Any CPU
		{EEB59965-A790-44B6-A356-E43869F96EAD}.Debug|Any CPU.Build.0 = Debug|Any CPU
		{EEB59965-A790-44B6-A356-E43869F96EAD}.Release|Any CPU.ActiveCfg = Release|Any CPU
		{EEB59965-A790-44B6-A356-E43869F96EAD}.Release|Any CPU.Build.0 = Release|Any CPU
	EndGlobalSection
	GlobalSection(NestedProjects) = preSolution
		{2CD56CB9-BC1E-4592-91B7-335937EB579A} = {7787507E-23CB-46C1-A8FD-322F4C81519A}
		{DBFCA89C-68C4-4CBE-B1CC-027DCD872C39} = {7787507E-23CB-46C1-A8FD-322F4C81519A}
		{EEB59965-A790-44B6-A356-E43869F96EAD} = {7787507E-23CB-46C1-A8FD-322F4C81519A}
	EndGlobalSection
EndGlobal
